
Microsoft Visual Studio Solution File, Format Version 12.00
# Visual Studio 2013
VisualStudioVersion = 12.0.31101.0
MinimumVisualStudioVersion = 10.0.40219.1
Project("{FAE04EC0-301F-11D3-BF4B-00C04F79EFBC}") = "Philistine.Helpers", "Philistine.Helpers\Philistine.Helpers.csproj", "{92EED708-CFBC-490F-8C27-F1D9DD11805B}"
EndProject
Project("{FAE04EC0-301F-11D3-BF4B-00C04F79EFBC}") = "Philistine.Helpers.Test", "Philistine.Helpers.Test\Philistine.Helpers.Test.csproj", "{851CBE35-9949-40E9-9252-399386BFC8F4}"
EndProject
Global
	GlobalSection(SolutionConfigurationPlatforms) = preSolution
		Debug|Any CPU = Debug|Any CPU
		Release|Any CPU = Release|Any CPU
	EndGlobalSection
	GlobalSection(ProjectConfigurationPlatforms) = postSolution
		{92EED708-CFBC-490F-8C27-F1D9DD11805B}.Debug|Any CPU.ActiveCfg = Debug|Any CPU
		{92EED708-CFBC-490F-8C27-F1D9DD11805B}.Debug|Any CPU.Build.0 = Debug|Any CPU
		{92EED708-CFBC-490F-8C27-F1D9DD11805B}.Release|Any CPU.ActiveCfg = Release|Any CPU
		{92EED708-CFBC-490F-8C27-F1D9DD11805B}.Release|Any CPU.Build.0 = Release|Any CPU
		{851CBE35-9949-40E9-9252-399386BFC8F4}.Debug|Any CPU.ActiveCfg = Debug|Any CPU
		{851CBE35-9949-40E9-9252-399386BFC8F4}.Debug|Any CPU.Build.0 = Debug|Any CPU
		{851CBE35-9949-40E9-9252-399386BFC8F4}.Release|Any CPU.ActiveCfg = Release|Any CPU
		{851CBE35-9949-40E9-9252-399386BFC8F4}.Release|Any CPU.Build.0 = Release|Any CPU
	EndGlobalSection
	GlobalSection(SolutionProperties) = preSolution
		HideSolutionNode = FALSE
	EndGlobalSection
EndGlobal
